
Microsoft Visual Studio Solution File, Format Version 12.00
# Visual Studio Version 17
VisualStudioVersion = 17.10.35027.167
MinimumVisualStudioVersion = 10.0.40219.1
Project("{9A19103F-16F7-4668-BE54-9A1E7A4F7556}") = "BS.Web", "BS.Web\BS.Web.csproj", "{61F620D5-31CE-44BA-8E44-F2022158778D}"
EndProject
Project("{9A19103F-16F7-4668-BE54-9A1E7A4F7556}") = "BS.DBC", "BS.DBC\BS.DBC.csproj", "{BAF1BB57-8DFE-4C0A-97C7-2136A428925B}"
EndProject
Project("{9A19103F-16F7-4668-BE54-9A1E7A4F7556}") = "BS.DMO", "BS.DMO\BS.DMO.csproj", "{3457374C-83AA-4C5E-B2AF-558EA45CF33C}"
EndProject
Project("{9A19103F-16F7-4668-BE54-9A1E7A4F7556}") = "BS.DS", "BS.DS\BS.DS.csproj", "{AC24BD42-1B56-4249-BEB1-32C381BC90C3}"
EndProject
Project("{9A19103F-16F7-4668-BE54-9A1E7A4F7556}") = "BS.Infra", "BS.Infra\BS.Infra.csproj", "{5E698B0C-C6D8-4F6D-94C8-41080A21408D}"
EndProject
Project("{FAE04EC0-301F-11D3-BF4B-00C04F79EFBC}") = "BS.Helper", "BS.Helper\BS.Helper.csproj", "{72FDC1F2-F20D-4426-8728-8DEA2683E5B2}"
EndProject
Global
	GlobalSection(SolutionConfigurationPlatforms) = preSolution
		Debug|Any CPU = Debug|Any CPU
		Release|Any CPU = Release|Any CPU
	EndGlobalSection
	GlobalSection(ProjectConfigurationPlatforms) = postSolution
		{61F620D5-31CE-44BA-8E44-F2022158778D}.Debug|Any CPU.ActiveCfg = Debug|Any CPU
		{61F620D5-31CE-44BA-8E44-F2022158778D}.Debug|Any CPU.Build.0 = Debug|Any CPU
		{61F620D5-31CE-44BA-8E44-F2022158778D}.Release|Any CPU.ActiveCfg = Release|Any CPU
		{61F620D5-31CE-44BA-8E44-F2022158778D}.Release|Any CPU.Build.0 = Release|Any CPU
		{BAF1BB57-8DFE-4C0A-97C7-2136A428925B}.Debug|Any CPU.ActiveCfg = Debug|Any CPU
		{BAF1BB57-8DFE-4C0A-97C7-2136A428925B}.Debug|Any CPU.Build.0 = Debug|Any CPU
		{BAF1BB57-8DFE-4C0A-97C7-2136A428925B}.Release|Any CPU.ActiveCfg = Release|Any CPU
		{BAF1BB57-8DFE-4C0A-97C7-2136A428925B}.Release|Any CPU.Build.0 = Release|Any CPU
		{3457374C-83AA-4C5E-B2AF-558EA45CF33C}.Debug|Any CPU.ActiveCfg = Debug|Any CPU
		{3457374C-83AA-4C5E-B2AF-558EA45CF33C}.Debug|Any CPU.Build.0 = Debug|Any CPU
		{3457374C-83AA-4C5E-B2AF-558EA45CF33C}.Release|Any CPU.ActiveCfg = Release|Any CPU
		{3457374C-83AA-4C5E-B2AF-558EA45CF33C}.Release|Any CPU.Build.0 = Release|Any CPU
		{AC24BD42-1B56-4249-BEB1-32C381BC90C3}.Debug|Any CPU.ActiveCfg = Debug|Any CPU
		{AC24BD42-1B56-4249-BEB1-32C381BC90C3}.Debug|Any CPU.Build.0 = Debug|Any CPU
		{AC24BD42-1B56-4249-BEB1-32C381BC90C3}.Release|Any CPU.ActiveCfg = Release|Any CPU
		{AC24BD42-1B56-4249-BEB1-32C381BC90C3}.Release|Any CPU.Build.0 = Release|Any CPU
		{5E698B0C-C6D8-4F6D-94C8-41080A21408D}.Debug|Any CPU.ActiveCfg = Debug|Any CPU
		{5E698B0C-C6D8-4F6D-94C8-41080A21408D}.Debug|Any CPU.Build.0 = Debug|Any CPU
		{5E698B0C-C6D8-4F6D-94C8-41080A21408D}.Release|Any CPU.ActiveCfg = Release|Any CPU
		{5E698B0C-C6D8-4F6D-94C8-41080A21408D}.Release|Any CPU.Build.0 = Release|Any CPU
		{72FDC1F2-F20D-4426-8728-8DEA2683E5B2}.Debug|Any CPU.ActiveCfg = Debug|Any CPU
		{72FDC1F2-F20D-4426-8728-8DEA2683E5B2}.Debug|Any CPU.Build.0 = Debug|Any CPU
		{72FDC1F2-F20D-4426-8728-8DEA2683E5B2}.Release|Any CPU.ActiveCfg = Release|Any CPU
		{72FDC1F2-F20D-4426-8728-8DEA2683E5B2}.Release|Any CPU.Build.0 = Release|Any CPU
	EndGlobalSection
	GlobalSection(SolutionProperties) = preSolution
		HideSolutionNode = FALSE
	EndGlobalSection
	GlobalSection(ExtensibilityGlobals) = postSolution
		SolutionGuid = {EEC3E7EC-5626-4886-9644-24D3A44A4E99}
	EndGlobalSection
EndGlobal
